# This file is automatically @generated by Cargo.
# It is not intended for manual editing.
version = 4

[[package]]
name = "arena"
version = "0.1.0"
source = "git+https://github.com/antosatko/arena#d445b7d5b41caeac398dbe9fe4f7fc05272046de"

[[package]]
name = "arena-scope"
version = "0.1.0"
dependencies = [
 "arena",
]
